
Microsoft Visual Studio Solution File, Format Version 12.00
# Visual Studio 15
Project("{FAE04EC0-301F-11D3-BF4B-00C04F79EFBC}") = "PhotonUnityNetworking.Utilities", "PhotonUnityNetworking.Utilities.csproj", "{06201D45-9854-33D7-EAA5-F471ACE71757}"
EndProject
Project("{FAE04EC0-301F-11D3-BF4B-00C04F79EFBC}") = "Assembly-CSharp", "Assembly-CSharp.csproj", "{11A6F1F0-9939-DABE-1AB1-A2952ECCFF05}"
EndProject
Project("{FAE04EC0-301F-11D3-BF4B-00C04F79EFBC}") = "PhotonUnityNetworking.Demos", "PhotonUnityNetworking.Demos.csproj", "{4ED74EE4-BB1E-F75F-6408-2DC743EF633E}"
EndProject
Project("{FAE04EC0-301F-11D3-BF4B-00C04F79EFBC}") = "PhotonUnityNetworking", "PhotonUnityNetworking.csproj", "{157E059E-DA33-CF36-E382-33E36559E332}"
EndProject
Project("{FAE04EC0-301F-11D3-BF4B-00C04F79EFBC}") = "PhotonChat", "PhotonChat.csproj", "{40C7A82A-87C4-135D-5E26-EA2359C6541F}"
EndProject
Project("{FAE04EC0-301F-11D3-BF4B-00C04F79EFBC}") = "PhotonRealtime", "PhotonRealtime.csproj", "{D7ECE221-0DAE-0078-A08E-DB72CA85D6DC}"
EndProject
Project("{FAE04EC0-301F-11D3-BF4B-00C04F79EFBC}") = "PhotonUnityNetworking.Editor", "PhotonUnityNetworking.Editor.csproj", "{9E5147FB-46CA-9A7C-3BF2-B8FBDDBA223C}"
EndProject
Project("{FAE04EC0-301F-11D3-BF4B-00C04F79EFBC}") = "PhotonUnityNetworking.Utilities.PhotonPlayer.Editor", "PhotonUnityNetworking.Utilities.PhotonPlayer.Editor.csproj", "{A07EE324-4320-C173-AAC0-BF0A1E9DCB86}"
EndProject
Project("{FAE04EC0-301F-11D3-BF4B-00C04F79EFBC}") = "PunDemos.DemoSlotcarEditor", "PunDemos.DemoSlotcarEditor.csproj", "{EB00C640-5DCB-1FBC-BC59-58B78434BD88}"
EndProject
Project("{FAE04EC0-301F-11D3-BF4B-00C04F79EFBC}") = "PhotonUnityNetworking.Utilities.Culling.Editor", "PhotonUnityNetworking.Utilities.Culling.Editor.csproj", "{0335D4F9-F3FE-F4D3-685B-D46851B20B8B}"
EndProject
Project("{FAE04EC0-301F-11D3-BF4B-00C04F79EFBC}") = "PunDemos.DemoHubEditor", "PunDemos.DemoHubEditor.csproj", "{5C9A6AC7-C9A1-9728-2C9E-59B8BAFC36CD}"
EndProject
Global
	GlobalSection(SolutionConfigurationPlatforms) = preSolution
		Debug|Any CPU = Debug|Any CPU
		Release|Any CPU = Release|Any CPU
	EndGlobalSection
	GlobalSection(ProjectConfigurationPlatforms) = postSolution
		{06201D45-9854-33D7-EAA5-F471ACE71757}.Debug|Any CPU.ActiveCfg = Debug|Any CPU
		{06201D45-9854-33D7-EAA5-F471ACE71757}.Debug|Any CPU.Build.0 = Debug|Any CPU
		{06201D45-9854-33D7-EAA5-F471ACE71757}.Release|Any CPU.ActiveCfg = Release|Any CPU
		{06201D45-9854-33D7-EAA5-F471ACE71757}.Release|Any CPU.Build.0 = Release|Any CPU
		{11A6F1F0-9939-DABE-1AB1-A2952ECCFF05}.Debug|Any CPU.ActiveCfg = Debug|Any CPU
		{11A6F1F0-9939-DABE-1AB1-A2952ECCFF05}.Debug|Any CPU.Build.0 = Debug|Any CPU
		{11A6F1F0-9939-DABE-1AB1-A2952ECCFF05}.Release|Any CPU.ActiveCfg = Release|Any CPU
		{11A6F1F0-9939-DABE-1AB1-A2952ECCFF05}.Release|Any CPU.Build.0 = Release|Any CPU
		{4ED74EE4-BB1E-F75F-6408-2DC743EF633E}.Debug|Any CPU.ActiveCfg = Debug|Any CPU
		{4ED74EE4-BB1E-F75F-6408-2DC743EF633E}.Debug|Any CPU.Build.0 = Debug|Any CPU
		{4ED74EE4-BB1E-F75F-6408-2DC743EF633E}.Release|Any CPU.ActiveCfg = Release|Any CPU
		{4ED74EE4-BB1E-F75F-6408-2DC743EF633E}.Release|Any CPU.Build.0 = Release|Any CPU
		{157E059E-DA33-CF36-E382-33E36559E332}.Debug|Any CPU.ActiveCfg = Debug|Any CPU
		{157E059E-DA33-CF36-E382-33E36559E332}.Debug|Any CPU.Build.0 = Debug|Any CPU
		{157E059E-DA33-CF36-E382-33E36559E332}.Release|Any CPU.ActiveCfg = Release|Any CPU
		{157E059E-DA33-CF36-E382-33E36559E332}.Release|Any CPU.Build.0 = Release|Any CPU
		{40C7A82A-87C4-135D-5E26-EA2359C6541F}.Debug|Any CPU.ActiveCfg = Debug|Any CPU
		{40C7A82A-87C4-135D-5E26-EA2359C6541F}.Debug|Any CPU.Build.0 = Debug|Any CPU
		{40C7A82A-87C4-135D-5E26-EA2359C6541F}.Release|Any CPU.ActiveCfg = Release|Any CPU
		{40C7A82A-87C4-135D-5E26-EA2359C6541F}.Release|Any CPU.Build.0 = Release|Any CPU
		{D7ECE221-0DAE-0078-A08E-DB72CA85D6DC}.Debug|Any CPU.ActiveCfg = Debug|Any CPU
		{D7ECE221-0DAE-0078-A08E-DB72CA85D6DC}.Debug|Any CPU.Build.0 = Debug|Any CPU
		{D7ECE221-0DAE-0078-A08E-DB72CA85D6DC}.Release|Any CPU.ActiveCfg = Release|Any CPU
		{D7ECE221-0DAE-0078-A08E-DB72CA85D6DC}.Release|Any CPU.Build.0 = Release|Any CPU
		{9E5147FB-46CA-9A7C-3BF2-B8FBDDBA223C}.Debug|Any CPU.ActiveCfg = Debug|Any CPU
		{9E5147FB-46CA-9A7C-3BF2-B8FBDDBA223C}.Debug|Any CPU.Build.0 = Debug|Any CPU
		{9E5147FB-46CA-9A7C-3BF2-B8FBDDBA223C}.Release|Any CPU.ActiveCfg = Release|Any CPU
		{9E5147FB-46CA-9A7C-3BF2-B8FBDDBA223C}.Release|Any CPU.Build.0 = Release|Any CPU
		{A07EE324-4320-C173-AAC0-BF0A1E9DCB86}.Debug|Any CPU.ActiveCfg = Debug|Any CPU
		{A07EE324-4320-C173-AAC0-BF0A1E9DCB86}.Debug|Any CPU.Build.0 = Debug|Any CPU
		{A07EE324-4320-C173-AAC0-BF0A1E9DCB86}.Release|Any CPU.ActiveCfg = Release|Any CPU
		{A07EE324-4320-C173-AAC0-BF0A1E9DCB86}.Release|Any CPU.Build.0 = Release|Any CPU
		{EB00C640-5DCB-1FBC-BC59-58B78434BD88}.Debug|Any CPU.ActiveCfg = Debug|Any CPU
		{EB00C640-5DCB-1FBC-BC59-58B78434BD88}.Debug|Any CPU.Build.0 = Debug|Any CPU
		{EB00C640-5DCB-1FBC-BC59-58B78434BD88}.Release|Any CPU.ActiveCfg = Release|Any CPU
		{EB00C640-5DCB-1FBC-BC59-58B78434BD88}.Release|Any CPU.Build.0 = Release|Any CPU
		{0335D4F9-F3FE-F4D3-685B-D46851B20B8B}.Debug|Any CPU.ActiveCfg = Debug|Any CPU
		{0335D4F9-F3FE-F4D3-685B-D46851B20B8B}.Debug|Any CPU.Build.0 = Debug|Any CPU
		{0335D4F9-F3FE-F4D3-685B-D46851B20B8B}.Release|Any CPU.ActiveCfg = Release|Any CPU
		{0335D4F9-F3FE-F4D3-685B-D46851B20B8B}.Release|Any CPU.Build.0 = Release|Any CPU
		{5C9A6AC7-C9A1-9728-2C9E-59B8BAFC36CD}.Debug|Any CPU.ActiveCfg = Debug|Any CPU
		{5C9A6AC7-C9A1-9728-2C9E-59B8BAFC36CD}.Debug|Any CPU.Build.0 = Debug|Any CPU
		{5C9A6AC7-C9A1-9728-2C9E-59B8BAFC36CD}.Release|Any CPU.ActiveCfg = Release|Any CPU
		{5C9A6AC7-C9A1-9728-2C9E-59B8BAFC36CD}.Release|Any CPU.Build.0 = Release|Any CPU
	EndGlobalSection
	GlobalSection(SolutionProperties) = preSolution
		HideSolutionNode = FALSE
	EndGlobalSection
EndGlobal
